
Microsoft Visual Studio Solution File, Format Version 12.00
# Visual Studio Version 17
VisualStudioVersion = 17.0.31912.275
MinimumVisualStudioVersion = 10.0.40219.1
Project("{FAE04EC0-301F-11D3-BF4B-00C04F79EFBC}") = "Ristorante.ProvaMVC.Core", "Ristorante.ProvaMVC.Core\Ristorante.ProvaMVC.Core.csproj", "{45CC32A0-9493-4196-A56C-8B2CC6852D05}"
EndProject
Project("{FAE04EC0-301F-11D3-BF4B-00C04F79EFBC}") = "Ristorante.ProvaMVC.Core.RepositoryEF", "Ristorante.ProvaMVC.Core.RepositoryEF\Ristorante.ProvaMVC.Core.RepositoryEF.csproj", "{C852E12B-70EA-45A4-B4F5-8EA8BF6C677D}"
EndProject
Project("{FAE04EC0-301F-11D3-BF4B-00C04F79EFBC}") = "Ristorante.ProvaMVC.WebbAppMVC", "Ristorante.ProvaMVC.WebbAppMVC\Ristorante.ProvaMVC.WebbAppMVC.csproj", "{17A73969-3E76-4C81-90F9-9105370CADA9}"
EndProject
Global
	GlobalSection(SolutionConfigurationPlatforms) = preSolution
		Debug|Any CPU = Debug|Any CPU
		Release|Any CPU = Release|Any CPU
	EndGlobalSection
	GlobalSection(ProjectConfigurationPlatforms) = postSolution
		{45CC32A0-9493-4196-A56C-8B2CC6852D05}.Debug|Any CPU.ActiveCfg = Debug|Any CPU
		{45CC32A0-9493-4196-A56C-8B2CC6852D05}.Debug|Any CPU.Build.0 = Debug|Any CPU
		{45CC32A0-9493-4196-A56C-8B2CC6852D05}.Release|Any CPU.ActiveCfg = Release|Any CPU
		{45CC32A0-9493-4196-A56C-8B2CC6852D05}.Release|Any CPU.Build.0 = Release|Any CPU
		{C852E12B-70EA-45A4-B4F5-8EA8BF6C677D}.Debug|Any CPU.ActiveCfg = Debug|Any CPU
		{C852E12B-70EA-45A4-B4F5-8EA8BF6C677D}.Debug|Any CPU.Build.0 = Debug|Any CPU
		{C852E12B-70EA-45A4-B4F5-8EA8BF6C677D}.Release|Any CPU.ActiveCfg = Release|Any CPU
		{C852E12B-70EA-45A4-B4F5-8EA8BF6C677D}.Release|Any CPU.Build.0 = Release|Any CPU
		{17A73969-3E76-4C81-90F9-9105370CADA9}.Debug|Any CPU.ActiveCfg = Debug|Any CPU
		{17A73969-3E76-4C81-90F9-9105370CADA9}.Debug|Any CPU.Build.0 = Debug|Any CPU
		{17A73969-3E76-4C81-90F9-9105370CADA9}.Release|Any CPU.ActiveCfg = Release|Any CPU
		{17A73969-3E76-4C81-90F9-9105370CADA9}.Release|Any CPU.Build.0 = Release|Any CPU
	EndGlobalSection
	GlobalSection(SolutionProperties) = preSolution
		HideSolutionNode = FALSE
	EndGlobalSection
	GlobalSection(ExtensibilityGlobals) = postSolution
		SolutionGuid = {BE948033-7460-40BA-BFA3-7603EBADCDA6}
	EndGlobalSection
EndGlobal
